
Microsoft Visual Studio Solution File, Format Version 12.00
# Visual Studio Version 17
VisualStudioVersion = 17.9.34728.123
MinimumVisualStudioVersion = 10.0.40219.1
Project("{2150E333-8FDC-42A3-9474-1A3956D46DE8}") = "src", "src", "{233F8515-F0D1-48ED-A5CC-F89B3829BFB6}"
EndProject
Project("{2150E333-8FDC-42A3-9474-1A3956D46DE8}") = "03-EndPoints", "03-EndPoints", "{A580FC99-ADF1-403D-ACE9-373FC943DF23}"
EndProject
Project("{2150E333-8FDC-42A3-9474-1A3956D46DE8}") = "02-Infra", "02-Infra", "{4F3451B9-E685-4BFC-BA2A-F65B696A13DE}"
EndProject
Project("{2150E333-8FDC-42A3-9474-1A3956D46DE8}") = "01-Core", "01-Core", "{D0A7F74A-1C77-41DB-A4B7-4D50B7303018}"
EndProject
Project("{2150E333-8FDC-42A3-9474-1A3956D46DE8}") = "test", "test", "{7019526C-4F5F-4D14-9379-57DEB90BFA4F}"
EndProject
Project("{FAE04EC0-301F-11D3-BF4B-00C04F79EFBC}") = "SSF.SSFMicroService.Domain", "src\01-Core\SSF.SSFMicroService.Domain\SSF.SSFMicroService.Domain.csproj", "{ADD5645D-8C96-46D2-A359-D0E8F126C2A7}"
EndProject
Project("{FAE04EC0-301F-11D3-BF4B-00C04F79EFBC}") = "SSF.SSFMicroService.Application", "src\01-Core\SSF.SSFMicroService.Application\SSF.SSFMicroService.Application.csproj", "{8019EF9D-0B7F-4F25-9A0F-C1EC79C74873}"
EndProject
Project("{FAE04EC0-301F-11D3-BF4B-00C04F79EFBC}") = "SSF.SSFMicroService.Domain.Shared", "src\01-Core\SSF.SSFMicroService.Domain.Shared\SSF.SSFMicroService.Domain.Shared.csproj", "{1CFD16C7-F03D-417C-BF1B-7C0EA93289F9}"
EndProject
Project("{FAE04EC0-301F-11D3-BF4B-00C04F79EFBC}") = "SSF.SSFMicroService.EF.Commands", "src\02-Infra\SSF.SSFMicroService.EF.Commands\SSF.SSFMicroService.EF.Commands.csproj", "{DAF668D9-B9FF-4D0C-856D-D435C76F8EF2}"
EndProject
Project("{FAE04EC0-301F-11D3-BF4B-00C04F79EFBC}") = "SSF.SSFMicroService.EF.Queries", "src\02-Infra\SSF.SSFMicroService.EF.Queries\SSF.SSFMicroService.EF.Queries.csproj", "{E36FBA7E-AE2A-47BC-836D-E20DA9BA42DC}"
EndProject
Project("{FAE04EC0-301F-11D3-BF4B-00C04F79EFBC}") = "SSF.SSFMicroService.MongoDB.Commands", "src\02-Infra\SSF.SSFMicroService.MongoDB.Commands\SSF.SSFMicroService.MongoDB.Commands.csproj", "{2197D424-17FD-488B-B9B8-D867364B5F82}"
EndProject
Project("{FAE04EC0-301F-11D3-BF4B-00C04F79EFBC}") = "SSF.SSFMicroService.MongoDB.Queries", "src\02-Infra\SSF.SSFMicroService.MongoDB.Queries\SSF.SSFMicroService.MongoDB.Queries.csproj", "{D6C16618-BE4B-4192-B0C1-CEAF2285679D}"
EndProject
Project("{FAE04EC0-301F-11D3-BF4B-00C04F79EFBC}") = "SSF.SSFMicroService.EndPoint.Api", "src\03-EndPoints\SSF.SSFMicroService.EndPoint.Api\SSF.SSFMicroService.EndPoint.Api.csproj", "{3006EC4C-2F66-44DE-940C-CA6E4ADA51E7}"
EndProject
Project("{FAE04EC0-301F-11D3-BF4B-00C04F79EFBC}") = "SSF.SSFMicroService.EndPoint.Grpc", "src\03-EndPoints\SSF.SSFMicroService.EndPoint.Grpc\SSF.SSFMicroService.EndPoint.Grpc.csproj", "{B28CE522-8407-4E3A-9D76-F4C1978DC547}"
EndProject
Global
	GlobalSection(SolutionConfigurationPlatforms) = preSolution
		Debug|Any CPU = Debug|Any CPU
		Release|Any CPU = Release|Any CPU
	EndGlobalSection
	GlobalSection(ProjectConfigurationPlatforms) = postSolution
		{ADD5645D-8C96-46D2-A359-D0E8F126C2A7}.Debug|Any CPU.ActiveCfg = Debug|Any CPU
		{ADD5645D-8C96-46D2-A359-D0E8F126C2A7}.Debug|Any CPU.Build.0 = Debug|Any CPU
		{ADD5645D-8C96-46D2-A359-D0E8F126C2A7}.Release|Any CPU.ActiveCfg = Release|Any CPU
		{ADD5645D-8C96-46D2-A359-D0E8F126C2A7}.Release|Any CPU.Build.0 = Release|Any CPU
		{8019EF9D-0B7F-4F25-9A0F-C1EC79C74873}.Debug|Any CPU.ActiveCfg = Debug|Any CPU
		{8019EF9D-0B7F-4F25-9A0F-C1EC79C74873}.Debug|Any CPU.Build.0 = Debug|Any CPU
		{8019EF9D-0B7F-4F25-9A0F-C1EC79C74873}.Release|Any CPU.ActiveCfg = Release|Any CPU
		{8019EF9D-0B7F-4F25-9A0F-C1EC79C74873}.Release|Any CPU.Build.0 = Release|Any CPU
		{1CFD16C7-F03D-417C-BF1B-7C0EA93289F9}.Debug|Any CPU.ActiveCfg = Debug|Any CPU
		{1CFD16C7-F03D-417C-BF1B-7C0EA93289F9}.Debug|Any CPU.Build.0 = Debug|Any CPU
		{1CFD16C7-F03D-417C-BF1B-7C0EA93289F9}.Release|Any CPU.ActiveCfg = Release|Any CPU
		{1CFD16C7-F03D-417C-BF1B-7C0EA93289F9}.Release|Any CPU.Build.0 = Release|Any CPU
		{DAF668D9-B9FF-4D0C-856D-D435C76F8EF2}.Debug|Any CPU.ActiveCfg = Debug|Any CPU
		{DAF668D9-B9FF-4D0C-856D-D435C76F8EF2}.Debug|Any CPU.Build.0 = Debug|Any CPU
		{DAF668D9-B9FF-4D0C-856D-D435C76F8EF2}.Release|Any CPU.ActiveCfg = Release|Any CPU
		{DAF668D9-B9FF-4D0C-856D-D435C76F8EF2}.Release|Any CPU.Build.0 = Release|Any CPU
		{E36FBA7E-AE2A-47BC-836D-E20DA9BA42DC}.Debug|Any CPU.ActiveCfg = Debug|Any CPU
		{E36FBA7E-AE2A-47BC-836D-E20DA9BA42DC}.Debug|Any CPU.Build.0 = Debug|Any CPU
		{E36FBA7E-AE2A-47BC-836D-E20DA9BA42DC}.Release|Any CPU.ActiveCfg = Release|Any CPU
		{E36FBA7E-AE2A-47BC-836D-E20DA9BA42DC}.Release|Any CPU.Build.0 = Release|Any CPU
		{2197D424-17FD-488B-B9B8-D867364B5F82}.Debug|Any CPU.ActiveCfg = Debug|Any CPU
		{2197D424-17FD-488B-B9B8-D867364B5F82}.Debug|Any CPU.Build.0 = Debug|Any CPU
		{2197D424-17FD-488B-B9B8-D867364B5F82}.Release|Any CPU.ActiveCfg = Release|Any CPU
		{2197D424-17FD-488B-B9B8-D867364B5F82}.Release|Any CPU.Build.0 = Release|Any CPU
		{D6C16618-BE4B-4192-B0C1-CEAF2285679D}.Debug|Any CPU.ActiveCfg = Debug|Any CPU
		{D6C16618-BE4B-4192-B0C1-CEAF2285679D}.Debug|Any CPU.Build.0 = Debug|Any CPU
		{D6C16618-BE4B-4192-B0C1-CEAF2285679D}.Release|Any CPU.ActiveCfg = Release|Any CPU
		{D6C16618-BE4B-4192-B0C1-CEAF2285679D}.Release|Any CPU.Build.0 = Release|Any CPU
		{3006EC4C-2F66-44DE-940C-CA6E4ADA51E7}.Debug|Any CPU.ActiveCfg = Debug|Any CPU
		{3006EC4C-2F66-44DE-940C-CA6E4ADA51E7}.Debug|Any CPU.Build.0 = Debug|Any CPU
		{3006EC4C-2F66-44DE-940C-CA6E4ADA51E7}.Release|Any CPU.ActiveCfg = Release|Any CPU
		{3006EC4C-2F66-44DE-940C-CA6E4ADA51E7}.Release|Any CPU.Build.0 = Release|Any CPU
		{B28CE522-8407-4E3A-9D76-F4C1978DC547}.Debug|Any CPU.ActiveCfg = Debug|Any CPU
		{B28CE522-8407-4E3A-9D76-F4C1978DC547}.Debug|Any CPU.Build.0 = Debug|Any CPU
		{B28CE522-8407-4E3A-9D76-F4C1978DC547}.Release|Any CPU.ActiveCfg = Release|Any CPU
		{B28CE522-8407-4E3A-9D76-F4C1978DC547}.Release|Any CPU.Build.0 = Release|Any CPU
	EndGlobalSection
	GlobalSection(SolutionProperties) = preSolution
		HideSolutionNode = FALSE
	EndGlobalSection
	GlobalSection(NestedProjects) = preSolution
		{A580FC99-ADF1-403D-ACE9-373FC943DF23} = {233F8515-F0D1-48ED-A5CC-F89B3829BFB6}
		{4F3451B9-E685-4BFC-BA2A-F65B696A13DE} = {233F8515-F0D1-48ED-A5CC-F89B3829BFB6}
		{D0A7F74A-1C77-41DB-A4B7-4D50B7303018} = {233F8515-F0D1-48ED-A5CC-F89B3829BFB6}
		{ADD5645D-8C96-46D2-A359-D0E8F126C2A7} = {D0A7F74A-1C77-41DB-A4B7-4D50B7303018}
		{8019EF9D-0B7F-4F25-9A0F-C1EC79C74873} = {D0A7F74A-1C77-41DB-A4B7-4D50B7303018}
		{1CFD16C7-F03D-417C-BF1B-7C0EA93289F9} = {D0A7F74A-1C77-41DB-A4B7-4D50B7303018}
		{DAF668D9-B9FF-4D0C-856D-D435C76F8EF2} = {4F3451B9-E685-4BFC-BA2A-F65B696A13DE}
		{E36FBA7E-AE2A-47BC-836D-E20DA9BA42DC} = {4F3451B9-E685-4BFC-BA2A-F65B696A13DE}
		{2197D424-17FD-488B-B9B8-D867364B5F82} = {4F3451B9-E685-4BFC-BA2A-F65B696A13DE}
		{D6C16618-BE4B-4192-B0C1-CEAF2285679D} = {4F3451B9-E685-4BFC-BA2A-F65B696A13DE}
		{3006EC4C-2F66-44DE-940C-CA6E4ADA51E7} = {A580FC99-ADF1-403D-ACE9-373FC943DF23}
		{B28CE522-8407-4E3A-9D76-F4C1978DC547} = {A580FC99-ADF1-403D-ACE9-373FC943DF23}
	EndGlobalSection
	GlobalSection(ExtensibilityGlobals) = postSolution
		SolutionGuid = {CBCE3DBB-0F60-46B8-A3C6-53CA63BF7E2E}
	EndGlobalSection
EndGlobal
