
Microsoft Visual Studio Solution File, Format Version 12.00
# Visual Studio Version 17
VisualStudioVersion = 17.9.34511.98
MinimumVisualStudioVersion = 10.0.40219.1
Project("{FAE04EC0-301F-11D3-BF4B-00C04F79EFBC}") = "SSFTemplateOnionPackage", "SSFTemplateOnionPackage.csproj", "{3D2D7CB2-F45D-4905-9BB3-FF013AE763D2}"
EndProject
Global
	GlobalSection(SolutionConfigurationPlatforms) = preSolution
		Debug|Any CPU = Debug|Any CPU
		Release|Any CPU = Release|Any CPU
	EndGlobalSection
	GlobalSection(ProjectConfigurationPlatforms) = postSolution
		{3D2D7CB2-F45D-4905-9BB3-FF013AE763D2}.Debug|Any CPU.ActiveCfg = Debug|Any CPU
		{3D2D7CB2-F45D-4905-9BB3-FF013AE763D2}.Debug|Any CPU.Build.0 = Debug|Any CPU
		{3D2D7CB2-F45D-4905-9BB3-FF013AE763D2}.Release|Any CPU.ActiveCfg = Release|Any CPU
		{3D2D7CB2-F45D-4905-9BB3-FF013AE763D2}.Release|Any CPU.Build.0 = Release|Any CPU
	EndGlobalSection
	GlobalSection(SolutionProperties) = preSolution
		HideSolutionNode = FALSE
	EndGlobalSection
	GlobalSection(ExtensibilityGlobals) = postSolution
		SolutionGuid = {521DCFA2-A1B7-4914-B12E-14ED27E8EC13}
	EndGlobalSection
EndGlobal
