
Microsoft Visual Studio Solution File, Format Version 12.00
# Visual Studio Version 17
VisualStudioVersion = 17.9.34511.98
MinimumVisualStudioVersion = 10.0.40219.1
Project("{2150E333-8FDC-42A3-9474-1A3956D46DE8}") = "src", "src", "{FA096C08-FD3E-4ADA-BC5C-08495158DE59}"
EndProject
Project("{2150E333-8FDC-42A3-9474-1A3956D46DE8}") = "01-Core", "01-Core", "{D6EAB274-4FDF-4D5B-8707-91713AD144B2}"
EndProject
Project("{2150E333-8FDC-42A3-9474-1A3956D46DE8}") = "02-Infra", "02-Infra", "{DC5C9ECC-7ABD-4B10-B14E-0D81F786A1AF}"
EndProject
Project("{2150E333-8FDC-42A3-9474-1A3956D46DE8}") = "03-Endpoints", "03-Endpoints", "{579C2D9C-D723-40F0-A7C7-F59BEBF8F7D5}"
EndProject
Project("{9A19103F-16F7-4668-BE54-9A1E7A4F7556}") = "SSFTemplateOnion.Application", "src\01-Core\SSFTemplateOnion.Application\SSFTemplateOnion.Application.csproj", "{33CF0D4E-9E19-4C23-9724-181FB9EF05CB}"
EndProject
Project("{9A19103F-16F7-4668-BE54-9A1E7A4F7556}") = "SSFTemplateOnion.Contracts", "src\01-Core\SSFTemplateOnion.Contracts\SSFTemplateOnion.Contracts.csproj", "{24D1DD7C-4969-4343-996B-41CEF1BD46D1}"
EndProject
Project("{9A19103F-16F7-4668-BE54-9A1E7A4F7556}") = "SSFTemplateOnion.Domain", "src\01-Core\SSFTemplateOnion.Domain\SSFTemplateOnion.Domain.csproj", "{DEA62E6B-D9A4-43ED-A1D4-56890CFAC676}"
EndProject
Project("{9A19103F-16F7-4668-BE54-9A1E7A4F7556}") = "SSFTemplateOnion.Domain.Shared", "src\01-Core\SSFTemplateOnion.Domain.Shared\SSFTemplateOnion.Domain.Shared.csproj", "{612CEC98-A80F-41C3-83DA-01720C57EFD0}"
EndProject
Project("{9A19103F-16F7-4668-BE54-9A1E7A4F7556}") = "SSFTemplateOnion.MongoDB.Commands", "src\02-Infra\SSFTemplateOnion.MongoDB.Commands\SSFTemplateOnion.MongoDB.Commands.csproj", "{D507CEB4-06A7-440F-A23E-89AEC26F81F5}"
EndProject
Project("{9A19103F-16F7-4668-BE54-9A1E7A4F7556}") = "SSFTemplateOnion.MongoDB.Queries", "src\02-Infra\SSFTemplateOnion.MongoDB.Queries\SSFTemplateOnion.MongoDB.Queries.csproj", "{CBA8333A-4A06-4E29-ACC3-9DCA80D27349}"
EndProject
Project("{9A19103F-16F7-4668-BE54-9A1E7A4F7556}") = "SSFTemplateOnion.EF.Commands", "src\02-Infra\SSFTemplateOnion.EF.Commands\SSFTemplateOnion.EF.Commands.csproj", "{6ED50ED9-1C15-4745-9B4D-9755A08A59DA}"
EndProject
Project("{9A19103F-16F7-4668-BE54-9A1E7A4F7556}") = "SSFTemplateOnion.EF.Queries", "src\02-Infra\SSFTemplateOnion.EF.Queries\SSFTemplateOnion.EF.Queries.csproj", "{600A080F-340C-4150-959E-707A58E6CDCD}"
EndProject
Project("{2150E333-8FDC-42A3-9474-1A3956D46DE8}") = "test", "test", "{4C9D429C-4FB6-4B3C-B01B-42B1A58195C7}"
EndProject
Project("{FAE04EC0-301F-11D3-BF4B-00C04F79EFBC}") = "SSFTemplateOnion.EndPoint.Api", "src\03-EndPoints\SSFTemplateOnion.EndPoint.Api\SSFTemplateOnion.EndPoint.Api.csproj", "{1D8ED15C-C00C-4AB5-AD7E-5740C7643B6C}"
EndProject
Global
	GlobalSection(SolutionConfigurationPlatforms) = preSolution
		Debug|Any CPU = Debug|Any CPU
		Release|Any CPU = Release|Any CPU
	EndGlobalSection
	GlobalSection(ProjectConfigurationPlatforms) = postSolution
		{33CF0D4E-9E19-4C23-9724-181FB9EF05CB}.Debug|Any CPU.ActiveCfg = Debug|Any CPU
		{33CF0D4E-9E19-4C23-9724-181FB9EF05CB}.Debug|Any CPU.Build.0 = Debug|Any CPU
		{33CF0D4E-9E19-4C23-9724-181FB9EF05CB}.Release|Any CPU.ActiveCfg = Release|Any CPU
		{33CF0D4E-9E19-4C23-9724-181FB9EF05CB}.Release|Any CPU.Build.0 = Release|Any CPU
		{24D1DD7C-4969-4343-996B-41CEF1BD46D1}.Debug|Any CPU.ActiveCfg = Debug|Any CPU
		{24D1DD7C-4969-4343-996B-41CEF1BD46D1}.Debug|Any CPU.Build.0 = Debug|Any CPU
		{24D1DD7C-4969-4343-996B-41CEF1BD46D1}.Release|Any CPU.ActiveCfg = Release|Any CPU
		{24D1DD7C-4969-4343-996B-41CEF1BD46D1}.Release|Any CPU.Build.0 = Release|Any CPU
		{DEA62E6B-D9A4-43ED-A1D4-56890CFAC676}.Debug|Any CPU.ActiveCfg = Debug|Any CPU
		{DEA62E6B-D9A4-43ED-A1D4-56890CFAC676}.Debug|Any CPU.Build.0 = Debug|Any CPU
		{DEA62E6B-D9A4-43ED-A1D4-56890CFAC676}.Release|Any CPU.ActiveCfg = Release|Any CPU
		{DEA62E6B-D9A4-43ED-A1D4-56890CFAC676}.Release|Any CPU.Build.0 = Release|Any CPU
		{612CEC98-A80F-41C3-83DA-01720C57EFD0}.Debug|Any CPU.ActiveCfg = Debug|Any CPU
		{612CEC98-A80F-41C3-83DA-01720C57EFD0}.Debug|Any CPU.Build.0 = Debug|Any CPU
		{612CEC98-A80F-41C3-83DA-01720C57EFD0}.Release|Any CPU.ActiveCfg = Release|Any CPU
		{612CEC98-A80F-41C3-83DA-01720C57EFD0}.Release|Any CPU.Build.0 = Release|Any CPU
		{D507CEB4-06A7-440F-A23E-89AEC26F81F5}.Debug|Any CPU.ActiveCfg = Debug|Any CPU
		{D507CEB4-06A7-440F-A23E-89AEC26F81F5}.Debug|Any CPU.Build.0 = Debug|Any CPU
		{D507CEB4-06A7-440F-A23E-89AEC26F81F5}.Release|Any CPU.ActiveCfg = Release|Any CPU
		{D507CEB4-06A7-440F-A23E-89AEC26F81F5}.Release|Any CPU.Build.0 = Release|Any CPU
		{CBA8333A-4A06-4E29-ACC3-9DCA80D27349}.Debug|Any CPU.ActiveCfg = Debug|Any CPU
		{CBA8333A-4A06-4E29-ACC3-9DCA80D27349}.Debug|Any CPU.Build.0 = Debug|Any CPU
		{CBA8333A-4A06-4E29-ACC3-9DCA80D27349}.Release|Any CPU.ActiveCfg = Release|Any CPU
		{CBA8333A-4A06-4E29-ACC3-9DCA80D27349}.Release|Any CPU.Build.0 = Release|Any CPU
		{6ED50ED9-1C15-4745-9B4D-9755A08A59DA}.Debug|Any CPU.ActiveCfg = Debug|Any CPU
		{6ED50ED9-1C15-4745-9B4D-9755A08A59DA}.Debug|Any CPU.Build.0 = Debug|Any CPU
		{6ED50ED9-1C15-4745-9B4D-9755A08A59DA}.Release|Any CPU.ActiveCfg = Release|Any CPU
		{6ED50ED9-1C15-4745-9B4D-9755A08A59DA}.Release|Any CPU.Build.0 = Release|Any CPU
		{600A080F-340C-4150-959E-707A58E6CDCD}.Debug|Any CPU.ActiveCfg = Debug|Any CPU
		{600A080F-340C-4150-959E-707A58E6CDCD}.Debug|Any CPU.Build.0 = Debug|Any CPU
		{600A080F-340C-4150-959E-707A58E6CDCD}.Release|Any CPU.ActiveCfg = Release|Any CPU
		{600A080F-340C-4150-959E-707A58E6CDCD}.Release|Any CPU.Build.0 = Release|Any CPU
		{1D8ED15C-C00C-4AB5-AD7E-5740C7643B6C}.Debug|Any CPU.ActiveCfg = Debug|Any CPU
		{1D8ED15C-C00C-4AB5-AD7E-5740C7643B6C}.Debug|Any CPU.Build.0 = Debug|Any CPU
		{1D8ED15C-C00C-4AB5-AD7E-5740C7643B6C}.Release|Any CPU.ActiveCfg = Release|Any CPU
		{1D8ED15C-C00C-4AB5-AD7E-5740C7643B6C}.Release|Any CPU.Build.0 = Release|Any CPU
	EndGlobalSection
	GlobalSection(SolutionProperties) = preSolution
		HideSolutionNode = FALSE
	EndGlobalSection
	GlobalSection(NestedProjects) = preSolution
		{D6EAB274-4FDF-4D5B-8707-91713AD144B2} = {FA096C08-FD3E-4ADA-BC5C-08495158DE59}
		{DC5C9ECC-7ABD-4B10-B14E-0D81F786A1AF} = {FA096C08-FD3E-4ADA-BC5C-08495158DE59}
		{579C2D9C-D723-40F0-A7C7-F59BEBF8F7D5} = {FA096C08-FD3E-4ADA-BC5C-08495158DE59}
		{33CF0D4E-9E19-4C23-9724-181FB9EF05CB} = {D6EAB274-4FDF-4D5B-8707-91713AD144B2}
		{24D1DD7C-4969-4343-996B-41CEF1BD46D1} = {D6EAB274-4FDF-4D5B-8707-91713AD144B2}
		{DEA62E6B-D9A4-43ED-A1D4-56890CFAC676} = {D6EAB274-4FDF-4D5B-8707-91713AD144B2}
		{612CEC98-A80F-41C3-83DA-01720C57EFD0} = {D6EAB274-4FDF-4D5B-8707-91713AD144B2}
		{D507CEB4-06A7-440F-A23E-89AEC26F81F5} = {DC5C9ECC-7ABD-4B10-B14E-0D81F786A1AF}
		{CBA8333A-4A06-4E29-ACC3-9DCA80D27349} = {DC5C9ECC-7ABD-4B10-B14E-0D81F786A1AF}
		{6ED50ED9-1C15-4745-9B4D-9755A08A59DA} = {DC5C9ECC-7ABD-4B10-B14E-0D81F786A1AF}
		{600A080F-340C-4150-959E-707A58E6CDCD} = {DC5C9ECC-7ABD-4B10-B14E-0D81F786A1AF}
		{1D8ED15C-C00C-4AB5-AD7E-5740C7643B6C} = {579C2D9C-D723-40F0-A7C7-F59BEBF8F7D5}
	EndGlobalSection
	GlobalSection(ExtensibilityGlobals) = postSolution
		SolutionGuid = {BC6AFD13-7294-4ECD-A480-2CA51281183B}
	EndGlobalSection
EndGlobal
